<?xml version="1.0" encoding="utf-8"?>
<Project ToolsVersion="4.0" xmlns="http://schemas.microsoft.com/developer/msbuild/2003">
  <ItemGroup>
    <Filter Include="소스 파일">
      <UniqueIdentifier>{4FC737F1-C7A5-4376-A066-2A32D752A2FF}</UniqueIdentifier>
      <Extensions>cpp;c;cc;cxx;def;odl;idl;hpj;bat;asm;asmx</Extensions>
    </Filter>
    <Filter Include="헤더 파일">
      <UniqueIdentifier>{93995380-89BD-4b04-88EB-625FBE52EBFB}</UniqueIdentifier>
      <Extensions>h;hh;hpp;hxx;hm;inl;inc;xsd</Extensions>
    </Filter>
    <Filter Include="리소스 파일">
      <UniqueIdentifier>{67DA6AB6-F800-4c08-8B7A-83BB121AAD01}</UniqueIdentifier>
      <Extensions>rc;ico;cur;bmp;dlg;rc2;rct;bin;rgs;gif;jpg;jpeg;jpe;resx;tiff;tif;png;wav;mfcribbon-ms</Extensions>
    </Filter>
    <Filter Include="클래스 파일">
      <UniqueIdentifier>{5f207242-a328-46c8-8f49-cd96e9a4746f}</UniqueIdentifier>
    </Filter>
    <Filter Include="클래스 파일\1. 기본 클래스">
      <UniqueIdentifier>{77bd7693-cfbe-496c-9bbf-126011287233}</UniqueIdentifier>
    </Filter>
    <Filter Include="클래스 파일\2. 매니져">
      <UniqueIdentifier>{3c512f41-d4ff-4545-abae-26736d8a8bbb}</UniqueIdentifier>
    </Filter>
    <Filter Include="클래스 파일\3. 오브젝트 클래스">
      <UniqueIdentifier>{68f66395-c8af-4ebb-8f6e-598f72fcbc53}</UniqueIdentifier>
    </Filter>
    <Filter Include="클래스 파일\4. 캐릭터 클래스">
      <UniqueIdentifier>{9fea0203-4103-472b-9842-ea7f03b46e08}</UniqueIdentifier>
    </Filter>
    <Filter Include="클래스 파일\5. 맵 클래스">
      <UniqueIdentifier>{ccc21bc4-51d4-47b6-825b-fa8c1702da3f}</UniqueIdentifier>
    </Filter>
    <Filter Include="유틸">
      <UniqueIdentifier>{fa5e25c1-e023-439c-b63a-5e70a2788f64}</UniqueIdentifier>
    </Filter>
  </ItemGroup>
  <ItemGroup>
    <ClInclude Include="targetver.h">
      <Filter>헤더 파일</Filter>
    </ClInclude>
    <ClInclude Include="resource.h">
      <Filter>헤더 파일</Filter>
    </ClInclude>
    <ClInclude Include="cCamera.h">
      <Filter>클래스 파일\1. 기본 클래스</Filter>
    </ClInclude>
    <ClInclude Include="cCharacterController.h">
      <Filter>클래스 파일\4. 캐릭터 클래스</Filter>
    </ClInclude>
    <ClInclude Include="cCube.h">
      <Filter>클래스 파일\3. 오브젝트 클래스</Filter>
    </ClInclude>
    <ClInclude Include="cCubeMan.h">
      <Filter>클래스 파일\4. 캐릭터 클래스</Filter>
    </ClInclude>
    <ClInclude Include="cDeviceManager.h">
      <Filter>클래스 파일\2. 매니져</Filter>
    </ClInclude>
    <ClInclude Include="cGrid.h">
      <Filter>클래스 파일\5. 맵 클래스</Filter>
    </ClInclude>
    <ClInclude Include="cMainGame.h">
      <Filter>클래스 파일\1. 기본 클래스</Filter>
    </ClInclude>
    <ClInclude Include="cPyramid.h">
      <Filter>클래스 파일\3. 오브젝트 클래스</Filter>
    </ClInclude>
    <ClInclude Include="cTextureManager.h">
      <Filter>클래스 파일\2. 매니져</Filter>
    </ClInclude>
    <ClInclude Include="stdafx.h">
      <Filter>헤더 파일</Filter>
    </ClInclude>
    <ClInclude Include="Dx3D.h">
      <Filter>헤더 파일</Filter>
    </ClInclude>
    <ClInclude Include="cTimeManager.h">
      <Filter>클래스 파일\2. 매니져</Filter>
    </ClInclude>
    <ClInclude Include="D3DUtility.h">
      <Filter>유틸</Filter>
    </ClInclude>
    <ClInclude Include="cKeyManager.h">
      <Filter>클래스 파일\2. 매니져</Filter>
    </ClInclude>
    <ClInclude Include="cLightManager.h">
      <Filter>클래스 파일\2. 매니져</Filter>
    </ClInclude>
    <ClInclude Include="cSoundManager.h">
      <Filter>클래스 파일\2. 매니져</Filter>
    </ClInclude>
    <ClInclude Include="json.hpp">
      <Filter>헤더 파일</Filter>
    </ClInclude>
    <ClInclude Include="cObjLoader.h">
      <Filter>클래스 파일\5. 맵 클래스</Filter>
    </ClInclude>
    <ClInclude Include="cObject.h">
      <Filter>클래스 파일\3. 오브젝트 클래스</Filter>
    </ClInclude>
    <ClInclude Include="cMtlTex.h">
      <Filter>클래스 파일\1. 기본 클래스</Filter>
    </ClInclude>
    <ClInclude Include="cGroup.h">
      <Filter>클래스 파일\3. 오브젝트 클래스</Filter>
    </ClInclude>
    <ClInclude Include="cObjMap.h">
      <Filter>클래스 파일\5. 맵 클래스</Filter>
    </ClInclude>
    <ClInclude Include="cObjectManager.h">
      <Filter>클래스 파일\2. 매니져</Filter>
    </ClInclude>
    <ClInclude Include="iMap.h">
      <Filter>클래스 파일\5. 맵 클래스</Filter>
    </ClInclude>
    <ClInclude Include="cAutoReleasePool.h">
      <Filter>클래스 파일\2. 매니져</Filter>
    </ClInclude>
    <ClInclude Include="cDrawTextManager.h">
      <Filter>클래스 파일\2. 매니져</Filter>
    </ClInclude>
    <ClInclude Include="Asciitok.h">
      <Filter>헤더 파일</Filter>
    </ClInclude>
    <ClInclude Include="cAseLoader.h">
      <Filter>클래스 파일\4. 캐릭터 클래스</Filter>
    </ClInclude>
    <ClInclude Include="cFrame.h">
      <Filter>클래스 파일\4. 캐릭터 클래스</Filter>
    </ClInclude>
    <ClInclude Include="cAseCharacter.h">
      <Filter>클래스 파일\4. 캐릭터 클래스</Filter>
    </ClInclude>
    <ClInclude Include="cHeightMap.h">
      <Filter>클래스 파일\5. 맵 클래스</Filter>
    </ClInclude>
    <ClInclude Include="cRay.h">
      <Filter>클래스 파일\1. 기본 클래스</Filter>
    </ClInclude>
    <ClInclude Include="cPicking.h">
      <Filter>클래스 파일\1. 기본 클래스</Filter>
    </ClInclude>
    <ClInclude Include="cNode.h">
      <Filter>클래스 파일\1. 기본 클래스</Filter>
    </ClInclude>
    <ClInclude Include="cAster.h">
      <Filter>클래스 파일\5. 맵 클래스</Filter>
    </ClInclude>
  </ItemGroup>
  <ItemGroup>
    <ClCompile Include="cCamera.cpp">
      <Filter>클래스 파일\1. 기본 클래스</Filter>
    </ClCompile>
    <ClCompile Include="cCharacterController.cpp">
      <Filter>클래스 파일\4. 캐릭터 클래스</Filter>
    </ClCompile>
    <ClCompile Include="cCube.cpp">
      <Filter>클래스 파일\3. 오브젝트 클래스</Filter>
    </ClCompile>
    <ClCompile Include="cCubeMan.cpp">
      <Filter>클래스 파일\4. 캐릭터 클래스</Filter>
    </ClCompile>
    <ClCompile Include="cDeviceManager.cpp">
      <Filter>클래스 파일\2. 매니져</Filter>
    </ClCompile>
    <ClCompile Include="cGrid.cpp">
      <Filter>클래스 파일\5. 맵 클래스</Filter>
    </ClCompile>
    <ClCompile Include="cMainGame.cpp">
      <Filter>클래스 파일\1. 기본 클래스</Filter>
    </ClCompile>
    <ClCompile Include="cPyramid.cpp">
      <Filter>클래스 파일\3. 오브젝트 클래스</Filter>
    </ClCompile>
    <ClCompile Include="cTextureManager.cpp">
      <Filter>클래스 파일\2. 매니져</Filter>
    </ClCompile>
    <ClCompile Include="cTimeManager.cpp">
      <Filter>클래스 파일\2. 매니져</Filter>
    </ClCompile>
    <ClCompile Include="Dx3D.cpp">
      <Filter>소스 파일</Filter>
    </ClCompile>
    <ClCompile Include="stdafx.cpp">
      <Filter>소스 파일</Filter>
    </ClCompile>
    <ClCompile Include="D3DUtility.cpp">
      <Filter>유틸</Filter>
    </ClCompile>
    <ClCompile Include="cKeyManager.cpp">
      <Filter>클래스 파일\2. 매니져</Filter>
    </ClCompile>
    <ClCompile Include="cLightManager.cpp">
      <Filter>클래스 파일\2. 매니져</Filter>
    </ClCompile>
    <ClCompile Include="cSoundManager.cpp">
      <Filter>클래스 파일\2. 매니져</Filter>
    </ClCompile>
    <ClCompile Include="cObjLoader.cpp">
      <Filter>클래스 파일\5. 맵 클래스</Filter>
    </ClCompile>
    <ClCompile Include="cObject.cpp">
      <Filter>클래스 파일\3. 오브젝트 클래스</Filter>
    </ClCompile>
    <ClCompile Include="cMtlTex.cpp">
      <Filter>클래스 파일\1. 기본 클래스</Filter>
    </ClCompile>
    <ClCompile Include="cGroup.cpp">
      <Filter>클래스 파일\3. 오브젝트 클래스</Filter>
    </ClCompile>
    <ClCompile Include="cObjMap.cpp">
      <Filter>클래스 파일\5. 맵 클래스</Filter>
    </ClCompile>
    <ClCompile Include="cObjectManager.cpp">
      <Filter>클래스 파일\2. 매니져</Filter>
    </ClCompile>
    <ClCompile Include="cAutoReleasePool.cpp">
      <Filter>클래스 파일\2. 매니져</Filter>
    </ClCompile>
    <ClCompile Include="cDrawTextManager.cpp">
      <Filter>클래스 파일\2. 매니져</Filter>
    </ClCompile>
    <ClCompile Include="cAseLoader.cpp">
      <Filter>클래스 파일\4. 캐릭터 클래스</Filter>
    </ClCompile>
    <ClCompile Include="cFrame.cpp">
      <Filter>클래스 파일\4. 캐릭터 클래스</Filter>
    </ClCompile>
    <ClCompile Include="cAseCharacter.cpp">
      <Filter>클래스 파일\4. 캐릭터 클래스</Filter>
    </ClCompile>
    <ClCompile Include="cHeightMap.cpp">
      <Filter>클래스 파일\5. 맵 클래스</Filter>
    </ClCompile>
    <ClCompile Include="cRay.cpp">
      <Filter>클래스 파일\1. 기본 클래스</Filter>
    </ClCompile>
    <ClCompile Include="cPicking.cpp">
      <Filter>클래스 파일\1. 기본 클래스</Filter>
    </ClCompile>
    <ClCompile Include="cNode.cpp">
      <Filter>클래스 파일\1. 기본 클래스</Filter>
    </ClCompile>
    <ClCompile Include="cAster.cpp">
      <Filter>클래스 파일\5. 맵 클래스</Filter>
    </ClCompile>
  </ItemGroup>
  <ItemGroup>
    <ResourceCompile Include="Dx3D.rc">
      <Filter>리소스 파일</Filter>
    </ResourceCompile>
  </ItemGroup>
  <ItemGroup>
    <Image Include="small.ico">
      <Filter>리소스 파일</Filter>
    </Image>
    <Image Include="Dx3D.ico">
      <Filter>리소스 파일</Filter>
    </Image>
  </ItemGroup>
</Project>